
Microsoft Visual Studio Solution File, Format Version 12.00
# Visual Studio Version 17
VisualStudioVersion = 17.5.002.0
MinimumVisualStudioVersion = 10.0.40219.1
Project("{9A19103F-16F7-4668-BE54-9A1E7A4F7556}") = "c-sharp-backend", "c-sharp-backend.csproj", "{DA15463E-379B-4BDE-B6E2-3E7AF1CFE179}"
EndProject
Global
	GlobalSection(SolutionConfigurationPlatforms) = preSolution
		Debug|Any CPU = Debug|Any CPU
		Release|Any CPU = Release|Any CPU
	EndGlobalSection
	GlobalSection(ProjectConfigurationPlatforms) = postSolution
		{DA15463E-379B-4BDE-B6E2-3E7AF1CFE179}.Debug|Any CPU.ActiveCfg = Debug|Any CPU
		{DA15463E-379B-4BDE-B6E2-3E7AF1CFE179}.Debug|Any CPU.Build.0 = Debug|Any CPU
		{DA15463E-379B-4BDE-B6E2-3E7AF1CFE179}.Release|Any CPU.ActiveCfg = Release|Any CPU
		{DA15463E-379B-4BDE-B6E2-3E7AF1CFE179}.Release|Any CPU.Build.0 = Release|Any CPU
	EndGlobalSection
	GlobalSection(SolutionProperties) = preSolution
		HideSolutionNode = FALSE
	EndGlobalSection
	GlobalSection(ExtensibilityGlobals) = postSolution
		SolutionGuid = {2BA7B652-639F-490F-99AE-E33A6196EA6A}
	EndGlobalSection
EndGlobal
